<?xml version="1.0" encoding="utf-8"?>
<Project ToolsVersion="4.0" xmlns="http://schemas.microsoft.com/developer/msbuild/2003">
  <ItemGroup>
    <Filter Include="源文件">
      <UniqueIdentifier>{4FC737F1-C7A5-4376-A066-2A32D752A2FF}</UniqueIdentifier>
      <Extensions>cpp;c;cc;cxx;def;odl;idl;hpj;bat;asm;asmx</Extensions>
    </Filter>
    <Filter Include="头文件">
      <UniqueIdentifier>{93995380-89BD-4b04-88EB-625FBE52EBFB}</UniqueIdentifier>
      <Extensions>h;hpp;hxx;hm;inl;inc;xsd</Extensions>
    </Filter>
    <Filter Include="资源文件">
      <UniqueIdentifier>{67DA6AB6-F800-4c08-8B7A-83BB121AAD01}</UniqueIdentifier>
      <Extensions>rc;ico;cur;bmp;dlg;rc2;rct;bin;rgs;gif;jpg;jpeg;jpe;resx;tiff;tif;png;wav;mfcribbon-ms</Extensions>
    </Filter>
    <Filter Include="生成的文件">
      <UniqueIdentifier>{b3cba975-7abd-4ce9-8a50-5723b1d8ab96}</UniqueIdentifier>
      <SourceControlFiles>False</SourceControlFiles>
    </Filter>
  </ItemGroup>
  <ItemGroup>
    <ClCompile Include="stdafx.cpp">
      <Filter>源文件</Filter>
    </ClCompile>
    <ClCompile Include="TransPlugin.cpp">
      <Filter>源文件</Filter>
    </ClCompile>
    <ClCompile Include="dllmain.cpp">
      <Filter>源文件</Filter>
    </ClCompile>
    <ClCompile Include="xdlldata.c">
      <Filter>源文件</Filter>
    </ClCompile>
    <ClCompile Include="TransPlugin_i.c">
      <Filter>生成的文件</Filter>
    </ClCompile>
    <ClCompile Include="TransPluginImpl.cpp">
      <Filter>源文件</Filter>
    </ClCompile>
    <ClCompile Include="TransForm.cpp">
      <Filter>源文件</Filter>
    </ClCompile>
    <ClCompile Include="netudp.cpp">
      <Filter>源文件</Filter>
    </ClCompile>
    <ClCompile Include="logging.cpp">
      <Filter>源文件</Filter>
    </ClCompile>
  </ItemGroup>
  <ItemGroup>
    <ClInclude Include="stdafx.h">
      <Filter>头文件</Filter>
    </ClInclude>
    <ClInclude Include="targetver.h">
      <Filter>头文件</Filter>
    </ClInclude>
    <ClInclude Include="Resource.h">
      <Filter>头文件</Filter>
    </ClInclude>
    <ClInclude Include="dllmain.h">
      <Filter>头文件</Filter>
    </ClInclude>
    <ClInclude Include="xdlldata.h">
      <Filter>头文件</Filter>
    </ClInclude>
    <ClInclude Include="TransPlugin_i.h">
      <Filter>生成的文件</Filter>
    </ClInclude>
    <ClInclude Include="TransPluginImpl.h">
      <Filter>头文件</Filter>
    </ClInclude>
    <ClInclude Include="TransForm.h">
      <Filter>头文件</Filter>
    </ClInclude>
    <ClInclude Include="netudp.h">
      <Filter>头文件</Filter>
    </ClInclude>
    <ClInclude Include="logging.h">
      <Filter>头文件</Filter>
    </ClInclude>
  </ItemGroup>
  <ItemGroup>
    <ResourceCompile Include="TransPlugin.rc">
      <Filter>资源文件</Filter>
    </ResourceCompile>
  </ItemGroup>
  <ItemGroup>
    <None Include="ReadMe.txt" />
    <None Include="TransPlugin.rgs">
      <Filter>资源文件</Filter>
    </None>
    <None Include="TransPlugin.def">
      <Filter>源文件</Filter>
    </None>
    <None Include="TransPluginImpl.rgs">
      <Filter>资源文件</Filter>
    </None>
    <None Include="icon1.ico">
      <Filter>资源文件</Filter>
    </None>
    <None Include="res\TransForDewesoft.ico">
      <Filter>资源文件</Filter>
    </None>
  </ItemGroup>
  <ItemGroup>
    <Midl Include="TransPlugin.idl">
      <Filter>源文件</Filter>
    </Midl>
  </ItemGroup>
</Project>